// !$*UTF8*$!
{
	archiveVersion = 1;
	classes = {
	};
	objectVersion = 52;
	objects = {

/* Begin PBXBuildFile section */
		E5A5506724B5A1430047958A /* UTF8CharacterSequence.m in Sources */ = {isa = PBXBuildFile; fileRef = E531021524A8809500307EA2 /* UTF8CharacterSequence.m */; };
		E5A5506824B5A1440047958A /* UTF8CharacterSequence.m in Sources */ = {isa = PBXBuildFile; fileRef = E531021524A8809500307EA2 /* UTF8CharacterSequence.m */; };
		E5A5506924B5A1470047958A /* FuzzySearchResult.m in Sources */ = {isa = PBXBuildFile; fileRef = 5EDA7B7B1D45A27B31EF8824 /* FuzzySearchResult.m */; };
		E5A5506A24B5A1480047958A /* FuzzySearchResult.m in Sources */ = {isa = PBXBuildFile; fileRef = 5EDA7B7B1D45A27B31EF8824 /* FuzzySearchResult.m */; };
		E5A5506F24B5A1600047958A /* FuzzySubstringSearch.mm in Sources */ = {isa = PBXBuildFile; fileRef = 5EDA77C9BD2D2B92A5B085D4 /* FuzzySubstringSearch.mm */; };
		E5A5507024B5A1610047958A /* FuzzySubstringSearch.mm in Sources */ = {isa = PBXBuildFile; fileRef = 5EDA77C9BD2D2B92A5B085D4 /* FuzzySubstringSearch.mm */; };
		E5A5507224B5A1690047958A /* NiftySubstringSearch.h in Headers */ = {isa = PBXBuildFile; fileRef = E53101FA24A87FE200307EA2 /* NiftySubstringSearch.h */; settings = {ATTRIBUTES = (Public, ); }; };
		E5A5507324B5A17B0047958A /* NiftySubstringSearchTests.m in Sources */ = {isa = PBXBuildFile; fileRef = E531020524A87FE200307EA2 /* NiftySubstringSearchTests.m */; };
		E5A5507524B5A1850047958A /* UTF8CHaracterSequenceTests.m in Sources */ = {isa = PBXBuildFile; fileRef = 5EDA765CE509E46E43F5FE5D /* UTF8CHaracterSequenceTests.m */; };
		E5A5507624B5A1880047958A /* NSString+EditDistanceDP.m in Sources */ = {isa = PBXBuildFile; fileRef = 5EDA78B67EFB0D1E8E77B61B /* NSString+EditDistanceDP.m */; };
		E5A5507724B5A1970047958A /* NSArray+SelectRandomElements.m in Sources */ = {isa = PBXBuildFile; fileRef = 5EDA792C5AD7BA31855750B5 /* NSArray+SelectRandomElements.m */; };
		E5A5507824B5A19C0047958A /* NSString+StringWithErrorLevel.m in Sources */ = {isa = PBXBuildFile; fileRef = 5EDA73748067325AD2800F47 /* NSString+StringWithErrorLevel.m */; };
		E5A5507A24B5A1E30047958A /* mobydick.txt in Resources */ = {isa = PBXBuildFile; fileRef = 5EDA70EFE48EC408D2760DDF /* mobydick.txt */; };
		E5A5507B24B5A1E60047958A /* catcher.txt in Resources */ = {isa = PBXBuildFile; fileRef = 5EDA7A776451F9AD546238DC /* catcher.txt */; };
		E5B150E124B5A2F000E6D7A8 /* MyersFastApproximateStringMatchingAlg.cpp in Sources */ = {isa = PBXBuildFile; fileRef = 5EDA7FE2E44F5A99B016495E /* MyersFastApproximateStringMatchingAlg.cpp */; };
		E5B150E224B5A2F100E6D7A8 /* MyersFastApproximateStringMatchingAlg.cpp in Sources */ = {isa = PBXBuildFile; fileRef = 5EDA7FE2E44F5A99B016495E /* MyersFastApproximateStringMatchingAlg.cpp */; };
		E5B150ED24B70ED500E6D7A8 /* EditDistanceTests.m in Sources */ = {isa = PBXBuildFile; fileRef = E5B150EC24B70ED500E6D7A8 /* EditDistanceTests.m */; };
		E5B150F124B70FB400E6D7A8 /* EditDistance.m in Sources */ = {isa = PBXBuildFile; fileRef = E5B150EF24B70FB400E6D7A8 /* EditDistance.m */; };
		E5B150F224B70FB400E6D7A8 /* EditDistance.m in Sources */ = {isa = PBXBuildFile; fileRef = E5B150EF24B70FB400E6D7A8 /* EditDistance.m */; };
		E5BA74A424B8724000ACC01E /* SelectRandomElementsTests.m in Sources */ = {isa = PBXBuildFile; fileRef = E5BA74A324B8724000ACC01E /* SelectRandomElementsTests.m */; };
		E5BA74A624B872BF00ACC01E /* StringWithErrorLevelTests.m in Sources */ = {isa = PBXBuildFile; fileRef = E5BA74A524B872BF00ACC01E /* StringWithErrorLevelTests.m */; };
		E5BA74DD24B877AD00ACC01E /* FuzzySearchResult.h in Headers */ = {isa = PBXBuildFile; fileRef = 5EDA77E91B8B56B5E2535B59 /* FuzzySearchResult.h */; settings = {ATTRIBUTES = (Public, ); }; };
		E5BA74DE24B877B500ACC01E /* UTF8CharacterSequence.h in Headers */ = {isa = PBXBuildFile; fileRef = E531021424A8809500307EA2 /* UTF8CharacterSequence.h */; settings = {ATTRIBUTES = (Public, ); }; };
		E5BA74E224B8783400ACC01E /* FuzzySubstringSearch.h in Headers */ = {isa = PBXBuildFile; fileRef = 5EDA751E3D188FC640001DE7 /* FuzzySubstringSearch.h */; settings = {ATTRIBUTES = (Public, ); }; };
/* End PBXBuildFile section */

/* Begin PBXContainerItemProxy section */
		E5A5505924B59F7B0047958A /* PBXContainerItemProxy */ = {
			isa = PBXContainerItemProxy;
			containerPortal = E53101EE24A87FE200307EA2 /* Project object */;
			proxyType = 1;
			remoteGlobalIDString = E5A5504E24B59F7B0047958A;
			remoteInfo = NiftySubstringSearchEmbedded;
		};
/* End PBXContainerItemProxy section */

/* Begin PBXFileReference section */
		5EDA70EFE48EC408D2760DDF /* mobydick.txt */ = {isa = PBXFileReference; fileEncoding = 4; lastKnownFileType = text; path = mobydick.txt; sourceTree = "<group>"; };
		5EDA735A28F4E59D02836750 /* MyersFastApproximateStringMatchingAlg.h */ = {isa = PBXFileReference; fileEncoding = 4; lastKnownFileType = sourcecode.c.h; path = MyersFastApproximateStringMatchingAlg.h; sourceTree = "<group>"; };
		5EDA73748067325AD2800F47 /* NSString+StringWithErrorLevel.m */ = {isa = PBXFileReference; fileEncoding = 4; lastKnownFileType = sourcecode.c.objc; path = "NSString+StringWithErrorLevel.m"; sourceTree = "<group>"; };
		5EDA73B6741B6781A06B66D2 /* NSString+EditDistanceDP.h */ = {isa = PBXFileReference; fileEncoding = 4; lastKnownFileType = sourcecode.c.h; path = "NSString+EditDistanceDP.h"; sourceTree = "<group>"; };
		5EDA751E3D188FC640001DE7 /* FuzzySubstringSearch.h */ = {isa = PBXFileReference; fileEncoding = 4; lastKnownFileType = sourcecode.c.h; path = FuzzySubstringSearch.h; sourceTree = "<group>"; };
		5EDA765CE509E46E43F5FE5D /* UTF8CHaracterSequenceTests.m */ = {isa = PBXFileReference; fileEncoding = 4; lastKnownFileType = sourcecode.c.objc; path = UTF8CHaracterSequenceTests.m; sourceTree = "<group>"; };
		5EDA77AB3CEC979B1C5CEC35 /* NSArray+SelectRandomElements.h */ = {isa = PBXFileReference; fileEncoding = 4; lastKnownFileType = sourcecode.c.h; path = "NSArray+SelectRandomElements.h"; sourceTree = "<group>"; };
		5EDA77C9BD2D2B92A5B085D4 /* FuzzySubstringSearch.mm */ = {isa = PBXFileReference; fileEncoding = 4; lastKnownFileType = sourcecode.cpp.objcpp; path = FuzzySubstringSearch.mm; sourceTree = "<group>"; };
		5EDA77E91B8B56B5E2535B59 /* FuzzySearchResult.h */ = {isa = PBXFileReference; fileEncoding = 4; lastKnownFileType = sourcecode.c.h; path = FuzzySearchResult.h; sourceTree = "<group>"; };
		5EDA78B67EFB0D1E8E77B61B /* NSString+EditDistanceDP.m */ = {isa = PBXFileReference; fileEncoding = 4; lastKnownFileType = sourcecode.c.objc; path = "NSString+EditDistanceDP.m"; sourceTree = "<group>"; };
		5EDA792C5AD7BA31855750B5 /* NSArray+SelectRandomElements.m */ = {isa = PBXFileReference; fileEncoding = 4; lastKnownFileType = sourcecode.c.objc; path = "NSArray+SelectRandomElements.m"; sourceTree = "<group>"; };
		5EDA7A776451F9AD546238DC /* catcher.txt */ = {isa = PBXFileReference; fileEncoding = 4; lastKnownFileType = text; path = catcher.txt; sourceTree = "<group>"; };
		5EDA7B7B1D45A27B31EF8824 /* FuzzySearchResult.m */ = {isa = PBXFileReference; fileEncoding = 4; lastKnownFileType = sourcecode.c.objc; path = FuzzySearchResult.m; sourceTree = "<group>"; };
		5EDA7ED1B13EAFC1B84E4B61 /* NSString+StringWithErrorLevel.h */ = {isa = PBXFileReference; fileEncoding = 4; lastKnownFileType = sourcecode.c.h; path = "NSString+StringWithErrorLevel.h"; sourceTree = "<group>"; };
		5EDA7FE2E44F5A99B016495E /* MyersFastApproximateStringMatchingAlg.cpp */ = {isa = PBXFileReference; fileEncoding = 4; lastKnownFileType = sourcecode.cpp.cpp; path = MyersFastApproximateStringMatchingAlg.cpp; sourceTree = "<group>"; };
		E53101FA24A87FE200307EA2 /* NiftySubstringSearch.h */ = {isa = PBXFileReference; lastKnownFileType = sourcecode.c.h; path = NiftySubstringSearch.h; sourceTree = "<group>"; };
		E53101FB24A87FE200307EA2 /* Info.plist */ = {isa = PBXFileReference; lastKnownFileType = text.plist.xml; path = Info.plist; sourceTree = "<group>"; };
		E531020524A87FE200307EA2 /* NiftySubstringSearchTests.m */ = {isa = PBXFileReference; lastKnownFileType = sourcecode.c.objc; path = NiftySubstringSearchTests.m; sourceTree = "<group>"; };
		E531020724A87FE200307EA2 /* Info.plist */ = {isa = PBXFileReference; lastKnownFileType = text.plist.xml; path = Info.plist; sourceTree = "<group>"; };
		E531021424A8809500307EA2 /* UTF8CharacterSequence.h */ = {isa = PBXFileReference; lastKnownFileType = sourcecode.c.h; path = UTF8CharacterSequence.h; sourceTree = "<group>"; };
		E531021524A8809500307EA2 /* UTF8CharacterSequence.m */ = {isa = PBXFileReference; lastKnownFileType = sourcecode.c.objc; path = UTF8CharacterSequence.m; sourceTree = "<group>"; };
		E5B150E624B5A68000E6D7A8 /* NiftySubstringSearch.framework */ = {isa = PBXFileReference; explicitFileType = wrapper.framework; includeInIndex = 0; path = NiftySubstringSearch.framework; sourceTree = BUILT_PRODUCTS_DIR; };
		E5B150E724B5A75800E6D7A8 /* NiftySubstringSearchTests.xctest */ = {isa = PBXFileReference; explicitFileType = wrapper.cfbundle; includeInIndex = 0; path = NiftySubstringSearchTests.xctest; sourceTree = BUILT_PRODUCTS_DIR; };
		E5B150EC24B70ED500E6D7A8 /* EditDistanceTests.m */ = {isa = PBXFileReference; lastKnownFileType = sourcecode.c.objc; path = EditDistanceTests.m; sourceTree = "<group>"; };
		E5B150EE24B70FB400E6D7A8 /* EditDistance.h */ = {isa = PBXFileReference; lastKnownFileType = sourcecode.c.h; path = EditDistance.h; sourceTree = "<group>"; };
		E5B150EF24B70FB400E6D7A8 /* EditDistance.m */ = {isa = PBXFileReference; lastKnownFileType = sourcecode.c.objc; path = EditDistance.m; sourceTree = "<group>"; };
		E5BA74A324B8724000ACC01E /* SelectRandomElementsTests.m */ = {isa = PBXFileReference; lastKnownFileType = sourcecode.c.objc; path = SelectRandomElementsTests.m; sourceTree = "<group>"; };
		E5BA74A524B872BF00ACC01E /* StringWithErrorLevelTests.m */ = {isa = PBXFileReference; lastKnownFileType = sourcecode.c.objc; path = StringWithErrorLevelTests.m; sourceTree = "<group>"; };
/* End PBXFileReference section */

/* Begin PBXFrameworksBuildPhase section */
		E5A5504C24B59F7B0047958A /* Frameworks */ = {
			isa = PBXFrameworksBuildPhase;
			buildActionMask = 2147483647;
			files = (
			);
			runOnlyForDeploymentPostprocessing = 0;
		};
		E5A5505424B59F7B0047958A /* Frameworks */ = {
			isa = PBXFrameworksBuildPhase;
			buildActionMask = 2147483647;
			files = (
			);
			runOnlyForDeploymentPostprocessing = 0;
		};
/* End PBXFrameworksBuildPhase section */

/* Begin PBXGroup section */
		5EDA7145BC85D16A3A9775AB /* Resources */ = {
			isa = PBXGroup;
			children = (
				5EDA70EFE48EC408D2760DDF /* mobydick.txt */,
				5EDA7A776451F9AD546238DC /* catcher.txt */,
			);
			path = Resources;
			sourceTree = "<group>";
		};
		5EDA7AB416276B967B9FA82D /* Utility */ = {
			isa = PBXGroup;
			children = (
				5EDA78B67EFB0D1E8E77B61B /* NSString+EditDistanceDP.m */,
				5EDA73B6741B6781A06B66D2 /* NSString+EditDistanceDP.h */,
				5EDA792C5AD7BA31855750B5 /* NSArray+SelectRandomElements.m */,
				5EDA77AB3CEC979B1C5CEC35 /* NSArray+SelectRandomElements.h */,
				5EDA73748067325AD2800F47 /* NSString+StringWithErrorLevel.m */,
				5EDA7ED1B13EAFC1B84E4B61 /* NSString+StringWithErrorLevel.h */,
			);
			path = Utility;
			sourceTree = "<group>";
		};
		5EDA7F232B33CF61829B3F2D /* Services */ = {
			isa = PBXGroup;
			children = (
				5EDA77C9BD2D2B92A5B085D4 /* FuzzySubstringSearch.mm */,
				5EDA751E3D188FC640001DE7 /* FuzzySubstringSearch.h */,
			);
			path = Services;
			sourceTree = "<group>";
		};
		E53101ED24A87FE200307EA2 = {
			isa = PBXGroup;
			children = (
				E53101F924A87FE200307EA2 /* NiftySubstringSearch */,
				E531020424A87FE200307EA2 /* NiftySubstringSearchTests */,
				E5B150E624B5A68000E6D7A8 /* NiftySubstringSearch.framework */,
				E5B150E724B5A75800E6D7A8 /* NiftySubstringSearchTests.xctest */,
			);
			sourceTree = "<group>";
		};
		E53101F924A87FE200307EA2 /* NiftySubstringSearch */ = {
			isa = PBXGroup;
			children = (
				E531021124A87FF100307EA2 /* Core */,
				E53101FA24A87FE200307EA2 /* NiftySubstringSearch.h */,
				E53101FB24A87FE200307EA2 /* Info.plist */,
			);
			path = NiftySubstringSearch;
			sourceTree = "<group>";
		};
		E531020424A87FE200307EA2 /* NiftySubstringSearchTests */ = {
			isa = PBXGroup;
			children = (
				E531020524A87FE200307EA2 /* NiftySubstringSearchTests.m */,
				E531020724A87FE200307EA2 /* Info.plist */,
				5EDA7145BC85D16A3A9775AB /* Resources */,
				5EDA765CE509E46E43F5FE5D /* UTF8CHaracterSequenceTests.m */,
				5EDA7AB416276B967B9FA82D /* Utility */,
				E5B150EC24B70ED500E6D7A8 /* EditDistanceTests.m */,
				E5BA74A324B8724000ACC01E /* SelectRandomElementsTests.m */,
				E5BA74A524B872BF00ACC01E /* StringWithErrorLevelTests.m */,
			);
			path = NiftySubstringSearchTests;
			sourceTree = "<group>";
		};
		E531021124A87FF100307EA2 /* Core */ = {
			isa = PBXGroup;
			children = (
				E531021324A8800900307EA2 /* Data Objects */,
				E531021224A8800300307EA2 /* Alg */,
				5EDA7F232B33CF61829B3F2D /* Services */,
			);
			path = Core;
			sourceTree = "<group>";
		};
		E531021224A8800300307EA2 /* Alg */ = {
			isa = PBXGroup;
			children = (
				E5B150EA24B70E5900E6D7A8 /* Levenstein Edit Distance */,
				E5B150E924B70E4800E6D7A8 /* Myers */,
			);
			path = Alg;
			sourceTree = "<group>";
		};
		E531021324A8800900307EA2 /* Data Objects */ = {
			isa = PBXGroup;
			children = (
				E531021424A8809500307EA2 /* UTF8CharacterSequence.h */,
				E531021524A8809500307EA2 /* UTF8CharacterSequence.m */,
				5EDA7B7B1D45A27B31EF8824 /* FuzzySearchResult.m */,
				5EDA77E91B8B56B5E2535B59 /* FuzzySearchResult.h */,
			);
			path = "Data Objects";
			sourceTree = "<group>";
		};
		E5B150E924B70E4800E6D7A8 /* Myers */ = {
			isa = PBXGroup;
			children = (
				5EDA7FE2E44F5A99B016495E /* MyersFastApproximateStringMatchingAlg.cpp */,
				5EDA735A28F4E59D02836750 /* MyersFastApproximateStringMatchingAlg.h */,
			);
			path = Myers;
			sourceTree = "<group>";
		};
		E5B150EA24B70E5900E6D7A8 /* Levenstein Edit Distance */ = {
			isa = PBXGroup;
			children = (
				E5B150EE24B70FB400E6D7A8 /* EditDistance.h */,
				E5B150EF24B70FB400E6D7A8 /* EditDistance.m */,
			);
			path = "Levenstein Edit Distance";
			sourceTree = "<group>";
		};
/* End PBXGroup section */

/* Begin PBXHeadersBuildPhase section */
		E5A5504A24B59F7B0047958A /* Headers */ = {
			isa = PBXHeadersBuildPhase;
			buildActionMask = 2147483647;
			files = (
				E5BA74DE24B877B500ACC01E /* UTF8CharacterSequence.h in Headers */,
				E5BA74DD24B877AD00ACC01E /* FuzzySearchResult.h in Headers */,
				E5A5507224B5A1690047958A /* NiftySubstringSearch.h in Headers */,
				E5BA74E224B8783400ACC01E /* FuzzySubstringSearch.h in Headers */,
			);
			runOnlyForDeploymentPostprocessing = 0;
		};
/* End PBXHeadersBuildPhase section */

/* Begin PBXNativeTarget section */
		E5A5504E24B59F7B0047958A /* NiftySubstringSearch */ = {
			isa = PBXNativeTarget;
			buildConfigurationList = E5A5506424B59F7B0047958A /* Build configuration list for PBXNativeTarget "NiftySubstringSearch" */;
			buildPhases = (
				E5A5504A24B59F7B0047958A /* Headers */,
				E5A5504B24B59F7B0047958A /* Sources */,
				E5A5504C24B59F7B0047958A /* Frameworks */,
				E5A5504D24B59F7B0047958A /* Resources */,
			);
			buildRules = (
			);
			dependencies = (
			);
			name = NiftySubstringSearch;
			productName = NiftySubstringSearchEmbedded;
			productReference = E5B150E624B5A68000E6D7A8 /* NiftySubstringSearch.framework */;
			productType = "com.apple.product-type.framework";
		};
		E5A5505624B59F7B0047958A /* NiftySubstringSearchTests */ = {
			isa = PBXNativeTarget;
			buildConfigurationList = E5A5506524B59F7B0047958A /* Build configuration list for PBXNativeTarget "NiftySubstringSearchTests" */;
			buildPhases = (
				E5A5505324B59F7B0047958A /* Sources */,
				E5A5505424B59F7B0047958A /* Frameworks */,
				E5A5505524B59F7B0047958A /* Resources */,
			);
			buildRules = (
			);
			dependencies = (
				E5A5505A24B59F7B0047958A /* PBXTargetDependency */,
			);
			name = NiftySubstringSearchTests;
			productName = NiftySubstringSearchEmbeddedTests;
			productReference = E5B150E724B5A75800E6D7A8 /* NiftySubstringSearchTests.xctest */;
			productType = "com.apple.product-type.bundle.unit-test";
		};
/* End PBXNativeTarget section */

/* Begin PBXProject section */
		E53101EE24A87FE200307EA2 /* Project object */ = {
			isa = PBXProject;
			attributes = {
				LastUpgradeCheck = 1150;
				ORGANIZATIONNAME = g00dm0us3;
				TargetAttributes = {
					E5A5504E24B59F7B0047958A = {
						CreatedOnToolsVersion = 11.5;
					};
					E5A5505624B59F7B0047958A = {
						CreatedOnToolsVersion = 11.5;
					};
				};
			};
			buildConfigurationList = E53101F124A87FE200307EA2 /* Build configuration list for PBXProject "NiftySubstringSearch" */;
			compatibilityVersion = "Xcode 9.3";
			developmentRegion = en;
			hasScannedForEncodings = 0;
			knownRegions = (
				en,
				Base,
			);
			mainGroup = E53101ED24A87FE200307EA2;
			productRefGroup = E53101ED24A87FE200307EA2;
			projectDirPath = "";
			projectRoot = "";
			targets = (
				E5A5504E24B59F7B0047958A /* NiftySubstringSearch */,
				E5A5505624B59F7B0047958A /* NiftySubstringSearchTests */,
			);
		};
/* End PBXProject section */

/* Begin PBXResourcesBuildPhase section */
		E5A5504D24B59F7B0047958A /* Resources */ = {
			isa = PBXResourcesBuildPhase;
			buildActionMask = 2147483647;
			files = (
			);
			runOnlyForDeploymentPostprocessing = 0;
		};
		E5A5505524B59F7B0047958A /* Resources */ = {
			isa = PBXResourcesBuildPhase;
			buildActionMask = 2147483647;
			files = (
				E5A5507A24B5A1E30047958A /* mobydick.txt in Resources */,
				E5A5507B24B5A1E60047958A /* catcher.txt in Resources */,
			);
			runOnlyForDeploymentPostprocessing = 0;
		};
/* End PBXResourcesBuildPhase section */

/* Begin PBXSourcesBuildPhase section */
		E5A5504B24B59F7B0047958A /* Sources */ = {
			isa = PBXSourcesBuildPhase;
			buildActionMask = 2147483647;
			files = (
				E5B150E124B5A2F000E6D7A8 /* MyersFastApproximateStringMatchingAlg.cpp in Sources */,
				E5A5506F24B5A1600047958A /* FuzzySubstringSearch.mm in Sources */,
				E5A5506724B5A1430047958A /* UTF8CharacterSequence.m in Sources */,
				E5B150F124B70FB400E6D7A8 /* EditDistance.m in Sources */,
				E5A5506924B5A1470047958A /* FuzzySearchResult.m in Sources */,
			);
			runOnlyForDeploymentPostprocessing = 0;
		};
		E5A5505324B59F7B0047958A /* Sources */ = {
			isa = PBXSourcesBuildPhase;
			buildActionMask = 2147483647;
			files = (
				E5A5506A24B5A1480047958A /* FuzzySearchResult.m in Sources */,
				E5A5507624B5A1880047958A /* NSString+EditDistanceDP.m in Sources */,
				E5A5507724B5A1970047958A /* NSArray+SelectRandomElements.m in Sources */,
				E5BA74A424B8724000ACC01E /* SelectRandomElementsTests.m in Sources */,
				E5A5507824B5A19C0047958A /* NSString+StringWithErrorLevel.m in Sources */,
				E5B150E224B5A2F100E6D7A8 /* MyersFastApproximateStringMatchingAlg.cpp in Sources */,
				E5A5507524B5A1850047958A /* UTF8CHaracterSequenceTests.m in Sources */,
				E5A5507324B5A17B0047958A /* NiftySubstringSearchTests.m in Sources */,
				E5A5507024B5A1610047958A /* FuzzySubstringSearch.mm in Sources */,
				E5B150F224B70FB400E6D7A8 /* EditDistance.m in Sources */,
				E5B150ED24B70ED500E6D7A8 /* EditDistanceTests.m in Sources */,
				E5A5506824B5A1440047958A /* UTF8CharacterSequence.m in Sources */,
				E5BA74A624B872BF00ACC01E /* StringWithErrorLevelTests.m in Sources */,
			);
			runOnlyForDeploymentPostprocessing = 0;
		};
/* End PBXSourcesBuildPhase section */

/* Begin PBXTargetDependency section */
		E5A5505A24B59F7B0047958A /* PBXTargetDependency */ = {
			isa = PBXTargetDependency;
			platformFilter = maccatalyst;
			target = E5A5504E24B59F7B0047958A /* NiftySubstringSearch */;
			targetProxy = E5A5505924B59F7B0047958A /* PBXContainerItemProxy */;
		};
/* End PBXTargetDependency section */

/* Begin XCBuildConfiguration section */
		E531020924A87FE200307EA2 /* Debug */ = {
			isa = XCBuildConfiguration;
			buildSettings = {
				ALWAYS_SEARCH_USER_PATHS = NO;
				CLANG_ANALYZER_NONNULL = YES;
				CLANG_ANALYZER_NUMBER_OBJECT_CONVERSION = YES_AGGRESSIVE;
				CLANG_CXX_LANGUAGE_STANDARD = "gnu++14";
				CLANG_CXX_LIBRARY = "libc++";
				CLANG_ENABLE_MODULES = YES;
				CLANG_ENABLE_OBJC_ARC = YES;
				CLANG_ENABLE_OBJC_WEAK = YES;
				CLANG_WARN_BLOCK_CAPTURE_AUTORELEASING = YES;
				CLANG_WARN_BOOL_CONVERSION = YES;
				CLANG_WARN_COMMA = YES;
				CLANG_WARN_CONSTANT_CONVERSION = YES;
				CLANG_WARN_DEPRECATED_OBJC_IMPLEMENTATIONS = YES;
				CLANG_WARN_DIRECT_OBJC_ISA_USAGE = YES_ERROR;
				CLANG_WARN_DOCUMENTATION_COMMENTS = YES;
				CLANG_WARN_EMPTY_BODY = YES;
				CLANG_WARN_ENUM_CONVERSION = YES;
				CLANG_WARN_INFINITE_RECURSION = YES;
				CLANG_WARN_INT_CONVERSION = YES;
				CLANG_WARN_NON_LITERAL_NULL_CONVERSION = YES;
				CLANG_WARN_OBJC_IMPLICIT_RETAIN_SELF = YES;
				CLANG_WARN_OBJC_LITERAL_CONVERSION = YES;
				CLANG_WARN_OBJC_ROOT_CLASS = YES_ERROR;
				CLANG_WARN_RANGE_LOOP_ANALYSIS = YES;
				CLANG_WARN_STRICT_PROTOTYPES = YES;
				CLANG_WARN_SUSPICIOUS_MOVE = YES;
				CLANG_WARN_UNGUARDED_AVAILABILITY = YES_AGGRESSIVE;
				CLANG_WARN_UNREACHABLE_CODE = YES;
				CLANG_WARN__DUPLICATE_METHOD_MATCH = YES;
				COPY_PHASE_STRIP = NO;
				CURRENT_PROJECT_VERSION = 1;
				DEBUG_INFORMATION_FORMAT = dwarf;
				ENABLE_STRICT_OBJC_MSGSEND = YES;
				ENABLE_TESTABILITY = YES;
				GCC_C_LANGUAGE_STANDARD = gnu11;
				GCC_DYNAMIC_NO_PIC = NO;
				GCC_NO_COMMON_BLOCKS = YES;
				GCC_OPTIMIZATION_LEVEL = 0;
				GCC_PREPROCESSOR_DEFINITIONS = (
					"DEBUG=1",
					"$(inherited)",
				);
				GCC_WARN_64_TO_32_BIT_CONVERSION = YES;
				GCC_WARN_ABOUT_RETURN_TYPE = YES_ERROR;
				GCC_WARN_UNDECLARED_SELECTOR = YES;
				GCC_WARN_UNINITIALIZED_AUTOS = YES_AGGRESSIVE;
				GCC_WARN_UNUSED_FUNCTION = YES;
				GCC_WARN_UNUSED_VARIABLE = YES;
				IPHONEOS_DEPLOYMENT_TARGET = 11.0;
				MACOSX_DEPLOYMENT_TARGET = 10.15;
				MTL_ENABLE_DEBUG_INFO = INCLUDE_SOURCE;
				MTL_FAST_MATH = YES;
				ONLY_ACTIVE_ARCH = YES;
				SDKROOT = iphoneos;
				SUPPORTED_PLATFORMS = "iphonesimulator iphoneos";
				VERSIONING_SYSTEM = "apple-generic";
				VERSION_INFO_PREFIX = "";
			};
			name = Debug;
		};
		E531020A24A87FE200307EA2 /* Release */ = {
			isa = XCBuildConfiguration;
			buildSettings = {
				ALWAYS_SEARCH_USER_PATHS = NO;
				CLANG_ANALYZER_NONNULL = YES;
				CLANG_ANALYZER_NUMBER_OBJECT_CONVERSION = YES_AGGRESSIVE;
				CLANG_CXX_LANGUAGE_STANDARD = "gnu++14";
				CLANG_CXX_LIBRARY = "libc++";
				CLANG_ENABLE_MODULES = YES;
				CLANG_ENABLE_OBJC_ARC = YES;
				CLANG_ENABLE_OBJC_WEAK = YES;
				CLANG_WARN_BLOCK_CAPTURE_AUTORELEASING = YES;
				CLANG_WARN_BOOL_CONVERSION = YES;
				CLANG_WARN_COMMA = YES;
				CLANG_WARN_CONSTANT_CONVERSION = YES;
				CLANG_WARN_DEPRECATED_OBJC_IMPLEMENTATIONS = YES;
				CLANG_WARN_DIRECT_OBJC_ISA_USAGE = YES_ERROR;
				CLANG_WARN_DOCUMENTATION_COMMENTS = YES;
				CLANG_WARN_EMPTY_BODY = YES;
				CLANG_WARN_ENUM_CONVERSION = YES;
				CLANG_WARN_INFINITE_RECURSION = YES;
				CLANG_WARN_INT_CONVERSION = YES;
				CLANG_WARN_NON_LITERAL_NULL_CONVERSION = YES;
				CLANG_WARN_OBJC_IMPLICIT_RETAIN_SELF = YES;
				CLANG_WARN_OBJC_LITERAL_CONVERSION = YES;
				CLANG_WARN_OBJC_ROOT_CLASS = YES_ERROR;
				CLANG_WARN_RANGE_LOOP_ANALYSIS = YES;
				CLANG_WARN_STRICT_PROTOTYPES = YES;
				CLANG_WARN_SUSPICIOUS_MOVE = YES;
				CLANG_WARN_UNGUARDED_AVAILABILITY = YES_AGGRESSIVE;
				CLANG_WARN_UNREACHABLE_CODE = YES;
				CLANG_WARN__DUPLICATE_METHOD_MATCH = YES;
				COPY_PHASE_STRIP = NO;
				CURRENT_PROJECT_VERSION = 1;
				DEBUG_INFORMATION_FORMAT = "dwarf-with-dsym";
				ENABLE_NS_ASSERTIONS = NO;
				ENABLE_STRICT_OBJC_MSGSEND = YES;
				GCC_C_LANGUAGE_STANDARD = gnu11;
				GCC_NO_COMMON_BLOCKS = YES;
				GCC_WARN_64_TO_32_BIT_CONVERSION = YES;
				GCC_WARN_ABOUT_RETURN_TYPE = YES_ERROR;
				GCC_WARN_UNDECLARED_SELECTOR = YES;
				GCC_WARN_UNINITIALIZED_AUTOS = YES_AGGRESSIVE;
				GCC_WARN_UNUSED_FUNCTION = YES;
				GCC_WARN_UNUSED_VARIABLE = YES;
				IPHONEOS_DEPLOYMENT_TARGET = 11.0;
				MACOSX_DEPLOYMENT_TARGET = 10.15;
				MTL_ENABLE_DEBUG_INFO = NO;
				MTL_FAST_MATH = YES;
				SDKROOT = iphoneos;
				SUPPORTED_PLATFORMS = "iphonesimulator iphoneos";
				VERSIONING_SYSTEM = "apple-generic";
				VERSION_INFO_PREFIX = "";
			};
			name = Release;
		};
		E5A5506024B59F7B0047958A /* Debug */ = {
			isa = XCBuildConfiguration;
			buildSettings = {
				CODE_SIGN_STYLE = Automatic;
				DEFINES_MODULE = YES;
				DEVELOPMENT_TEAM = D3QFXJL55Q;
				DYLIB_COMPATIBILITY_VERSION = 1;
				DYLIB_CURRENT_VERSION = 1;
				DYLIB_INSTALL_NAME_BASE = "@rpath";
				INFOPLIST_FILE = NiftySubstringSearch/Info.plist;
				INSTALL_PATH = "$(LOCAL_LIBRARY_DIR)/Frameworks";
				IPHONEOS_DEPLOYMENT_TARGET = 11.0;
				LD_RUNPATH_SEARCH_PATHS = (
					"$(inherited)",
					"@executable_path/Frameworks",
					"@loader_path/Frameworks",
				);
				PRODUCT_BUNDLE_IDENTIFIER = g00dm0us3.NiftySubstringSearch;
				PRODUCT_NAME = "$(TARGET_NAME:c99extidentifier)";
				SDKROOT = macosx;
				SKIP_INSTALL = YES;
				TARGETED_DEVICE_FAMILY = "1,2";
			};
			name = Debug;
		};
		E5A5506124B59F7B0047958A /* Release */ = {
			isa = XCBuildConfiguration;
			buildSettings = {
				CODE_SIGN_STYLE = Automatic;
				DEFINES_MODULE = YES;
				DEVELOPMENT_TEAM = D3QFXJL55Q;
				DYLIB_COMPATIBILITY_VERSION = 1;
				DYLIB_CURRENT_VERSION = 1;
				DYLIB_INSTALL_NAME_BASE = "@rpath";
				INFOPLIST_FILE = NiftySubstringSearch/Info.plist;
				INSTALL_PATH = "$(LOCAL_LIBRARY_DIR)/Frameworks";
				IPHONEOS_DEPLOYMENT_TARGET = 11.0;
				LD_RUNPATH_SEARCH_PATHS = (
					"$(inherited)",
					"@executable_path/Frameworks",
					"@loader_path/Frameworks",
				);
				PRODUCT_BUNDLE_IDENTIFIER = g00dm0us3.NiftySubstringSearch;
				PRODUCT_NAME = "$(TARGET_NAME:c99extidentifier)";
				SDKROOT = macosx;
				SKIP_INSTALL = YES;
				TARGETED_DEVICE_FAMILY = "1,2";
				VALIDATE_PRODUCT = YES;
			};
			name = Release;
		};
		E5A5506224B59F7B0047958A /* Debug */ = {
			isa = XCBuildConfiguration;
			buildSettings = {
				CODE_SIGN_STYLE = Automatic;
				DEVELOPMENT_TEAM = D3QFXJL55Q;
				INFOPLIST_FILE = NiftySubstringSearchTests/Info.plist;
				IPHONEOS_DEPLOYMENT_TARGET = 13.5;
				LD_RUNPATH_SEARCH_PATHS = (
					"$(inherited)",
					"@executable_path/Frameworks",
					"@loader_path/Frameworks",
				);
				PRODUCT_BUNDLE_IDENTIFIER = g00dm0us3.NiftySubstringSearchTests;
				PRODUCT_NAME = "$(TARGET_NAME)";
				SDKROOT = iphoneos;
				TARGETED_DEVICE_FAMILY = "1,2";
			};
			name = Debug;
		};
		E5A5506324B59F7B0047958A /* Release */ = {
			isa = XCBuildConfiguration;
			buildSettings = {
				CODE_SIGN_STYLE = Automatic;
				DEVELOPMENT_TEAM = D3QFXJL55Q;
				INFOPLIST_FILE = NiftySubstringSearchTests/Info.plist;
				IPHONEOS_DEPLOYMENT_TARGET = 13.5;
				LD_RUNPATH_SEARCH_PATHS = (
					"$(inherited)",
					"@executable_path/Frameworks",
					"@loader_path/Frameworks",
				);
				PRODUCT_BUNDLE_IDENTIFIER = g00dm0us3.NiftySubstringSearchTests;
				PRODUCT_NAME = "$(TARGET_NAME)";
				SDKROOT = iphoneos;
				TARGETED_DEVICE_FAMILY = "1,2";
				VALIDATE_PRODUCT = YES;
			};
			name = Release;
		};
/* End XCBuildConfiguration section */

/* Begin XCConfigurationList section */
		E53101F124A87FE200307EA2 /* Build configuration list for PBXProject "NiftySubstringSearch" */ = {
			isa = XCConfigurationList;
			buildConfigurations = (
				E531020924A87FE200307EA2 /* Debug */,
				E531020A24A87FE200307EA2 /* Release */,
			);
			defaultConfigurationIsVisible = 0;
			defaultConfigurationName = Release;
		};
		E5A5506424B59F7B0047958A /* Build configuration list for PBXNativeTarget "NiftySubstringSearch" */ = {
			isa = XCConfigurationList;
			buildConfigurations = (
				E5A5506024B59F7B0047958A /* Debug */,
				E5A5506124B59F7B0047958A /* Release */,
			);
			defaultConfigurationIsVisible = 0;
			defaultConfigurationName = Release;
		};
		E5A5506524B59F7B0047958A /* Build configuration list for PBXNativeTarget "NiftySubstringSearchTests" */ = {
			isa = XCConfigurationList;
			buildConfigurations = (
				E5A5506224B59F7B0047958A /* Debug */,
				E5A5506324B59F7B0047958A /* Release */,
			);
			defaultConfigurationIsVisible = 0;
			defaultConfigurationName = Release;
		};
/* End XCConfigurationList section */
	};
	rootObject = E53101EE24A87FE200307EA2 /* Project object */;
}
